// !$*UTF8*$!
{
	archiveVersion = 1;
	classes = {
	};
	objectVersion = 77;
	objects = {

/* Begin PBXBuildFile section */
		005003F7CC2A19A07D414831 /* CountdownBadgeView.swift in Sources */ = {isa = PBXBuildFile; fileRef = 121EA95857F1CE7F2CF1D452 /* CountdownBadgeView.swift */; };
		071FEF162869FF4E4C09D223 /* ThemeSwatchButton.swift in Sources */ = {isa = PBXBuildFile; fileRef = 59A04D6D709B5260AF81B00E /* ThemeSwatchButton.swift */; };
		10B20BD47753B48886EABF78 /* DoorWidgetCommandTokenStore.swift in Sources */ = {isa = PBXBuildFile; fileRef = 6D91C0FD61396E67578EE1C0 /* DoorWidgetCommandTokenStore.swift */; };
		122260FD7D77AC39B1409079 /* ControllerSettingsView.swift in Sources */ = {isa = PBXBuildFile; fileRef = F97EDB639E6172371E2D514F /* ControllerSettingsView.swift */; };
		1264E31B3AE1A3968472E5E3 /* UnlockSettingsControls.swift in Sources */ = {isa = PBXBuildFile; fileRef = 55A9F48013EB4302EE6C7F00 /* UnlockSettingsControls.swift */; };
		13117BF47FDF80271E09D111 /* DoorAppTheme.swift in Sources */ = {isa = PBXBuildFile; fileRef = 51FB1C24F9C5AFB63AAC9A18 /* DoorAppTheme.swift */; };
		1CE118D0124605B28CF5CDB3 /* DoorCommandAuthenticator.swift in Sources */ = {isa = PBXBuildFile; fileRef = F822EC57202B5EA172B5EFB0 /* DoorCommandAuthenticator.swift */; };
		1E3F7B49C05E4D1C41F94B6D /* DoorControlIntents.swift in Sources */ = {isa = PBXBuildFile; fileRef = AD6F9EBB41A928D4DE3C0AB8 /* DoorControlIntents.swift */; };
		287242EBEF3523FD61AF8C2D /* DoorStatusStore.swift in Sources */ = {isa = PBXBuildFile; fileRef = DBB6997B63AE0BDFABE531E0 /* DoorStatusStore.swift */; };
		364B2BBEEC75ADB3CB1E40A9 /* AutomationSettingsControls.swift in Sources */ = {isa = PBXBuildFile; fileRef = F002643144F2E8233EAFA0A5 /* AutomationSettingsControls.swift */; };
		39F0C0663067807AB4E47BEA /* DoorUnlockerFirmwareActivityViews.swift in Sources */ = {isa = PBXBuildFile; fileRef = 6E72788ED870F36C1C958E19 /* DoorUnlockerFirmwareActivityViews.swift */; };
		3B52C1DB67B84928489EEC2C /* DoorCommandStore.swift in Sources */ = {isa = PBXBuildFile; fileRef = C18937C3E54DF5410DC0842C /* DoorCommandStore.swift */; };
		3DD464E34A68B15B8AB89E99 /* LockZoneMapGeometry.swift in Sources */ = {isa = PBXBuildFile; fileRef = F0AD78E001DBB50741B0539C /* LockZoneMapGeometry.swift */; };
		3E696946BAFAFEBE7F9AB987 /* IdentitySettingsControls.swift in Sources */ = {isa = PBXBuildFile; fileRef = 032DD45DC2B25EFA788B5903 /* IdentitySettingsControls.swift */; };
		40A5D2734BE7C6E3B996F58E /* DoorUnlockerController.swift in Sources */ = {isa = PBXBuildFile; fileRef = B422530FE77703E4CFD14BA2 /* DoorUnlockerController.swift */; };
		438094423A12A68B2E59977E /* FirmwareStatusViews.swift in Sources */ = {isa = PBXBuildFile; fileRef = 3CDC3EC86CBF3CC7E8D9ADE7 /* FirmwareStatusViews.swift */; };
		4442C1C4FA7AD4B3AB0E9DC5 /* DoorUnlockerApp.swift in Sources */ = {isa = PBXBuildFile; fileRef = 6006324EC0B293AD27A8443E /* DoorUnlockerApp.swift */; };
		49571D6C5D94C8C4793DDA14 /* PairingGuidanceView.swift in Sources */ = {isa = PBXBuildFile; fileRef = 6D1784A256E5986ACB6AF9D7 /* PairingGuidanceView.swift */; };
		590DA6401085EBD6932E446C /* NordicDFU in Frameworks */ = {isa = PBXBuildFile; productRef = 49F5D4034AED48BE6DCA1CC1 /* NordicDFU */; };
		5A536E2AE29C44B1505B8CF2 /* DoorUnlockerController+PairingAdmin.swift in Sources */ = {isa = PBXBuildFile; fileRef = ACBBC110E9BD2425633B3279 /* DoorUnlockerController+PairingAdmin.swift */; };
		5ACCF4D7E095950697A87462 /* LockZoneExpandedMapComponents.swift in Sources */ = {isa = PBXBuildFile; fileRef = 7F85FF627BFC293F7124ED33 /* LockZoneExpandedMapComponents.swift */; };
		6037453E237CE1D1A42896CD /* DoorControllerStateParser.swift in Sources */ = {isa = PBXBuildFile; fileRef = 93B56B2D57B4FE7DE59D7EDC /* DoorControllerStateParser.swift */; };
		6F6A5266AF45E98F61B0DAC0 /* DoorControllerStateParser.swift in Sources */ = {isa = PBXBuildFile; fileRef = 93B56B2D57B4FE7DE59D7EDC /* DoorControllerStateParser.swift */; };
		7EB673188D20443B3B318DE9 /* DoorUnlockerController+TransientErrors.swift in Sources */ = {isa = PBXBuildFile; fileRef = 2D67DE43D6D8F87D5161AC9D /* DoorUnlockerController+TransientErrors.swift */; };
		8398ABD339282124C29DF142 /* DoorUnlockerShared in Frameworks */ = {isa = PBXBuildFile; productRef = E3A26E717F3C7CF563E63650 /* DoorUnlockerShared */; };
		8530F8EC9369127A2C814B63 /* DoorUnlockerWidget.swift in Sources */ = {isa = PBXBuildFile; fileRef = 01BAFBDA99BDA7E082535494 /* DoorUnlockerWidget.swift */; };
		85D0681CE7AB73EA6791B509 /* DoorControlIntents.swift in Sources */ = {isa = PBXBuildFile; fileRef = AD6F9EBB41A928D4DE3C0AB8 /* DoorControlIntents.swift */; };
		86A14B265A2DE7A11425C7BC /* ConnectionStatusEffects.swift in Sources */ = {isa = PBXBuildFile; fileRef = 88CBE9DF9364B4FE90CA93E7 /* ConnectionStatusEffects.swift */; };
		88E62CD904E8ACB4B754B518 /* DoorWidgetCommandTokenStore.swift in Sources */ = {isa = PBXBuildFile; fileRef = 6D91C0FD61396E67578EE1C0 /* DoorWidgetCommandTokenStore.swift */; };
		8C249C2F8C04E4D9695152AB /* DoorFirmwareDfuManager.swift in Sources */ = {isa = PBXBuildFile; fileRef = 5EBC17BBBAC3FF018BE52DFF /* DoorFirmwareDfuManager.swift */; };
		8E26F5A685A77038C6F72B43 /* Assets.xcassets in Resources */ = {isa = PBXBuildFile; fileRef = A1709BA0379F800D24C670A9 /* Assets.xcassets */; };
		8FF1C08FB70617D3D2B464E7 /* DoorHeaderView.swift in Sources */ = {isa = PBXBuildFile; fileRef = 21772B0AFB847B9615A26E3B /* DoorHeaderView.swift */; };
		94148F41D5F0EA229FE39F7A /* LockZoneExpandedMapView.swift in Sources */ = {isa = PBXBuildFile; fileRef = C652DEFDFA26A6660F9BC5AD /* LockZoneExpandedMapView.swift */; };
		9D91CD674885F0B825A28420 /* SettingsApplyViews.swift in Sources */ = {isa = PBXBuildFile; fileRef = ED434DED3629940CF1D1E248 /* SettingsApplyViews.swift */; };
		A21C31C431F73AAC771270E2 /* ControllerStatusPresentation.swift in Sources */ = {isa = PBXBuildFile; fileRef = D0D58FCD277DBEF647C0B3CB /* ControllerStatusPresentation.swift */; };
		A430B133765DBACFCC1AF655 /* StartupTelemetryControl.swift in Sources */ = {isa = PBXBuildFile; fileRef = 1AE88DEBD1B8F8A1B2A92860 /* StartupTelemetryControl.swift */; };
		ABDA98099E6B39035CF28EB7 /* LockZoneSettingsCard.swift in Sources */ = {isa = PBXBuildFile; fileRef = FB3A55A105E8A1A5E4FC668D /* LockZoneSettingsCard.swift */; };
		AD1084DAF37A23E41B58262C /* AppearanceThemeControl.swift in Sources */ = {isa = PBXBuildFile; fileRef = 3CACBEE5D0678FD9A3D72D58 /* AppearanceThemeControl.swift */; };
		B672D6F72D9042D7BDBEFA47 /* DoorStatusStore.swift in Sources */ = {isa = PBXBuildFile; fileRef = DBB6997B63AE0BDFABE531E0 /* DoorStatusStore.swift */; };
		BBF07762E061113DC37A6E5F /* DoorUnlockerControlWidget.swift in Sources */ = {isa = PBXBuildFile; fileRef = DF474DFA262526D814C97783 /* DoorUnlockerControlWidget.swift */; };
		BC5113FA941825A65D6170FD /* DoorUnlockerIntents.swift in Sources */ = {isa = PBXBuildFile; fileRef = 626A7EBCA1C540D87179AF0B /* DoorUnlockerIntents.swift */; };
		BCBD5632309A832D8285E364 /* ControllerStatusSummaryView.swift in Sources */ = {isa = PBXBuildFile; fileRef = 3ADDD5A8F47C733B2347DB90 /* ControllerStatusSummaryView.swift */; };
		C0A24214E575BDA1276F33AF /* DoorUnlockerWidget.appex in Embed Foundation Extensions */ = {isa = PBXBuildFile; fileRef = 0A1C429066F1F2E4A615BFA4 /* DoorUnlockerWidget.appex */; settings = {ATTRIBUTES = (CodeSignOnCopy, RemoveHeadersOnCopy, ); }; };
		C61F2365BCFF07598EB5947B /* DoorUnlockerXiao-dfu.zip in Resources */ = {isa = PBXBuildFile; fileRef = 21724F52B008BA23E57EA102 /* DoorUnlockerXiao-dfu.zip */; };
		C7263688435EA45B3D122FBD /* FirmwareSettingsControl.swift in Sources */ = {isa = PBXBuildFile; fileRef = B413268BCB572637125E2547 /* FirmwareSettingsControl.swift */; };
		C7A1CB81F107BF62CF0AB7E2 /* DoorCommandStore.swift in Sources */ = {isa = PBXBuildFile; fileRef = C18937C3E54DF5410DC0842C /* DoorCommandStore.swift */; };
		C98E9455C963952579760E3D /* ConnectedDevicesSummaryView.swift in Sources */ = {isa = PBXBuildFile; fileRef = 4AFD437A58B60D597D5F11EF /* ConnectedDevicesSummaryView.swift */; };
		CD26DC925341526E3CEE5581 /* ContentView.swift in Sources */ = {isa = PBXBuildFile; fileRef = 0AB287595DBCAA1A991BB44A /* ContentView.swift */; };
		CE448194ED0CCC430C383D1B /* DoorUnlockerScreen.swift in Sources */ = {isa = PBXBuildFile; fileRef = 3D6F3C17E0BCF6C3677B1E76 /* DoorUnlockerScreen.swift */; };
		D1FF2E6812D4E0FF63B76FEC /* LockControlButton.swift in Sources */ = {isa = PBXBuildFile; fileRef = CBFDAB84413DA1108FC0D509 /* LockControlButton.swift */; };
		D82DD5F9FF5F7087E3BE08CB /* DoorFirmwareLiveActivityCoordinator.swift in Sources */ = {isa = PBXBuildFile; fileRef = 79C12E1E1C831811E06081AC /* DoorFirmwareLiveActivityCoordinator.swift */; };
		E33E1451EF430661170DF307 /* FirmwareUpdateSymbolView.swift in Sources */ = {isa = PBXBuildFile; fileRef = 52E5374894736708CA0CB26E /* FirmwareUpdateSymbolView.swift */; };
		E40C383826AABE96DFCED462 /* DoorUnlockerController+FirmwareStatus.swift in Sources */ = {isa = PBXBuildFile; fileRef = 809FD6A0354926F9B31DD061 /* DoorUnlockerController+FirmwareStatus.swift */; };
		E60AD8F4315DD722085C2C95 /* ControllerStateCard.swift in Sources */ = {isa = PBXBuildFile; fileRef = 1172367EAEA6741DB58BE6D2 /* ControllerStateCard.swift */; };
		F759BD17472944648BD51BF0 /* DoorUnlockerShared in Frameworks */ = {isa = PBXBuildFile; productRef = BF681A43A6D4833EC439498C /* DoorUnlockerShared */; };
/* End PBXBuildFile section */

/* Begin PBXContainerItemProxy section */
		2051B45B2F40E8C7D22EF368 /* PBXContainerItemProxy */ = {
			isa = PBXContainerItemProxy;
			containerPortal = 535DF995015E4E39B4B094B3 /* Project object */;
			proxyType = 1;
			remoteGlobalIDString = F42BABACB2910DEDCC789512;
			remoteInfo = DoorUnlockerWidget;
		};
/* End PBXContainerItemProxy section */

/* Begin PBXCopyFilesBuildPhase section */
		C5BEA806DAC54B293F3165D4 /* Embed Foundation Extensions */ = {
			isa = PBXCopyFilesBuildPhase;
			buildActionMask = 2147483647;
			dstPath = "";
			dstSubfolderSpec = 13;
			files = (
				C0A24214E575BDA1276F33AF /* DoorUnlockerWidget.appex in Embed Foundation Extensions */,
			);
			name = "Embed Foundation Extensions";
			runOnlyForDeploymentPostprocessing = 0;
		};
/* End PBXCopyFilesBuildPhase section */

/* Begin PBXFileReference section */
		01BAFBDA99BDA7E082535494 /* DoorUnlockerWidget.swift */ = {isa = PBXFileReference; lastKnownFileType = sourcecode.swift; path = DoorUnlockerWidget.swift; sourceTree = "<group>"; };
		032DD45DC2B25EFA788B5903 /* IdentitySettingsControls.swift */ = {isa = PBXFileReference; lastKnownFileType = sourcecode.swift; path = IdentitySettingsControls.swift; sourceTree = "<group>"; };
		0A1C429066F1F2E4A615BFA4 /* DoorUnlockerWidget.appex */ = {isa = PBXFileReference; includeInIndex = 0; lastKnownFileType = "wrapper.app-extension"; path = DoorUnlockerWidget.appex; sourceTree = BUILT_PRODUCTS_DIR; };
		0AB287595DBCAA1A991BB44A /* ContentView.swift */ = {isa = PBXFileReference; lastKnownFileType = sourcecode.swift; path = ContentView.swift; sourceTree = "<group>"; };
		1172367EAEA6741DB58BE6D2 /* ControllerStateCard.swift */ = {isa = PBXFileReference; lastKnownFileType = sourcecode.swift; path = ControllerStateCard.swift; sourceTree = "<group>"; };
		121EA95857F1CE7F2CF1D452 /* CountdownBadgeView.swift */ = {isa = PBXFileReference; lastKnownFileType = sourcecode.swift; path = CountdownBadgeView.swift; sourceTree = "<group>"; };
		1AE88DEBD1B8F8A1B2A92860 /* StartupTelemetryControl.swift */ = {isa = PBXFileReference; lastKnownFileType = sourcecode.swift; path = StartupTelemetryControl.swift; sourceTree = "<group>"; };
		1FDCC1CBEB3E9CF0A706B5FB /* Info.plist */ = {isa = PBXFileReference; lastKnownFileType = text.plist; path = Info.plist; sourceTree = "<group>"; };
		21724F52B008BA23E57EA102 /* DoorUnlockerXiao-dfu.zip */ = {isa = PBXFileReference; lastKnownFileType = archive.zip; path = "DoorUnlockerXiao-dfu.zip"; sourceTree = "<group>"; };
		21772B0AFB847B9615A26E3B /* DoorHeaderView.swift */ = {isa = PBXFileReference; lastKnownFileType = sourcecode.swift; path = DoorHeaderView.swift; sourceTree = "<group>"; };
		2D67DE43D6D8F87D5161AC9D /* DoorUnlockerController+TransientErrors.swift */ = {isa = PBXFileReference; lastKnownFileType = sourcecode.swift; path = "DoorUnlockerController+TransientErrors.swift"; sourceTree = "<group>"; };
		3ADDD5A8F47C733B2347DB90 /* ControllerStatusSummaryView.swift */ = {isa = PBXFileReference; lastKnownFileType = sourcecode.swift; path = ControllerStatusSummaryView.swift; sourceTree = "<group>"; };
		3CACBEE5D0678FD9A3D72D58 /* AppearanceThemeControl.swift */ = {isa = PBXFileReference; lastKnownFileType = sourcecode.swift; path = AppearanceThemeControl.swift; sourceTree = "<group>"; };
		3CDC3EC86CBF3CC7E8D9ADE7 /* FirmwareStatusViews.swift */ = {isa = PBXFileReference; lastKnownFileType = sourcecode.swift; path = FirmwareStatusViews.swift; sourceTree = "<group>"; };
		3D6F3C17E0BCF6C3677B1E76 /* DoorUnlockerScreen.swift */ = {isa = PBXFileReference; lastKnownFileType = sourcecode.swift; path = DoorUnlockerScreen.swift; sourceTree = "<group>"; };
		4AFD437A58B60D597D5F11EF /* ConnectedDevicesSummaryView.swift */ = {isa = PBXFileReference; lastKnownFileType = sourcecode.swift; path = ConnectedDevicesSummaryView.swift; sourceTree = "<group>"; };
		51FB1C24F9C5AFB63AAC9A18 /* DoorAppTheme.swift */ = {isa = PBXFileReference; lastKnownFileType = sourcecode.swift; path = DoorAppTheme.swift; sourceTree = "<group>"; };
		52E5374894736708CA0CB26E /* FirmwareUpdateSymbolView.swift */ = {isa = PBXFileReference; lastKnownFileType = sourcecode.swift; path = FirmwareUpdateSymbolView.swift; sourceTree = "<group>"; };
		55A9F48013EB4302EE6C7F00 /* UnlockSettingsControls.swift */ = {isa = PBXFileReference; lastKnownFileType = sourcecode.swift; path = UnlockSettingsControls.swift; sourceTree = "<group>"; };
		59A04D6D709B5260AF81B00E /* ThemeSwatchButton.swift */ = {isa = PBXFileReference; lastKnownFileType = sourcecode.swift; path = ThemeSwatchButton.swift; sourceTree = "<group>"; };
		5DC3578D81B2ABDCA0882633 /* Info.plist */ = {isa = PBXFileReference; lastKnownFileType = text.plist; path = Info.plist; sourceTree = "<group>"; };
		5EBC17BBBAC3FF018BE52DFF /* DoorFirmwareDfuManager.swift */ = {isa = PBXFileReference; lastKnownFileType = sourcecode.swift; path = DoorFirmwareDfuManager.swift; sourceTree = "<group>"; };
		6006324EC0B293AD27A8443E /* DoorUnlockerApp.swift */ = {isa = PBXFileReference; lastKnownFileType = sourcecode.swift; path = DoorUnlockerApp.swift; sourceTree = "<group>"; };
		626A7EBCA1C540D87179AF0B /* DoorUnlockerIntents.swift */ = {isa = PBXFileReference; lastKnownFileType = sourcecode.swift; path = DoorUnlockerIntents.swift; sourceTree = "<group>"; };
		6D1784A256E5986ACB6AF9D7 /* PairingGuidanceView.swift */ = {isa = PBXFileReference; lastKnownFileType = sourcecode.swift; path = PairingGuidanceView.swift; sourceTree = "<group>"; };
		6D91C0FD61396E67578EE1C0 /* DoorWidgetCommandTokenStore.swift */ = {isa = PBXFileReference; lastKnownFileType = sourcecode.swift; path = DoorWidgetCommandTokenStore.swift; sourceTree = "<group>"; };
		6E72788ED870F36C1C958E19 /* DoorUnlockerFirmwareActivityViews.swift */ = {isa = PBXFileReference; lastKnownFileType = sourcecode.swift; path = DoorUnlockerFirmwareActivityViews.swift; sourceTree = "<group>"; };
		71F0C794D3579CA2F7845423 /* DoorUnlockerShared */ = {isa = PBXFileReference; lastKnownFileType = folder; name = DoorUnlockerShared; path = ../../shared/DoorUnlockerShared; sourceTree = SOURCE_ROOT; };
		79C12E1E1C831811E06081AC /* DoorFirmwareLiveActivityCoordinator.swift */ = {isa = PBXFileReference; lastKnownFileType = sourcecode.swift; path = DoorFirmwareLiveActivityCoordinator.swift; sourceTree = "<group>"; };
		7F85FF627BFC293F7124ED33 /* LockZoneExpandedMapComponents.swift */ = {isa = PBXFileReference; lastKnownFileType = sourcecode.swift; path = LockZoneExpandedMapComponents.swift; sourceTree = "<group>"; };
		809FD6A0354926F9B31DD061 /* DoorUnlockerController+FirmwareStatus.swift */ = {isa = PBXFileReference; lastKnownFileType = sourcecode.swift; path = "DoorUnlockerController+FirmwareStatus.swift"; sourceTree = "<group>"; };
		87D3E3944BACBFBDA0A74FF6 /* DoorUnlockerWidget.entitlements */ = {isa = PBXFileReference; lastKnownFileType = text.plist.entitlements; path = DoorUnlockerWidget.entitlements; sourceTree = "<group>"; };
		88CBE9DF9364B4FE90CA93E7 /* ConnectionStatusEffects.swift */ = {isa = PBXFileReference; lastKnownFileType = sourcecode.swift; path = ConnectionStatusEffects.swift; sourceTree = "<group>"; };
		8BA7D014826C2CC3B54C0A35 /* DoorUnlocker.app */ = {isa = PBXFileReference; includeInIndex = 0; lastKnownFileType = wrapper.application; path = DoorUnlocker.app; sourceTree = BUILT_PRODUCTS_DIR; };
		93B56B2D57B4FE7DE59D7EDC /* DoorControllerStateParser.swift */ = {isa = PBXFileReference; lastKnownFileType = sourcecode.swift; path = DoorControllerStateParser.swift; sourceTree = "<group>"; };
		A1709BA0379F800D24C670A9 /* Assets.xcassets */ = {isa = PBXFileReference; lastKnownFileType = folder.assetcatalog; path = Assets.xcassets; sourceTree = "<group>"; };
		ACBBC110E9BD2425633B3279 /* DoorUnlockerController+PairingAdmin.swift */ = {isa = PBXFileReference; lastKnownFileType = sourcecode.swift; path = "DoorUnlockerController+PairingAdmin.swift"; sourceTree = "<group>"; };
		AD6F9EBB41A928D4DE3C0AB8 /* DoorControlIntents.swift */ = {isa = PBXFileReference; lastKnownFileType = sourcecode.swift; path = DoorControlIntents.swift; sourceTree = "<group>"; };
		B413268BCB572637125E2547 /* FirmwareSettingsControl.swift */ = {isa = PBXFileReference; lastKnownFileType = sourcecode.swift; path = FirmwareSettingsControl.swift; sourceTree = "<group>"; };
		B422530FE77703E4CFD14BA2 /* DoorUnlockerController.swift */ = {isa = PBXFileReference; lastKnownFileType = sourcecode.swift; path = DoorUnlockerController.swift; sourceTree = "<group>"; };
		C18937C3E54DF5410DC0842C /* DoorCommandStore.swift */ = {isa = PBXFileReference; lastKnownFileType = sourcecode.swift; path = DoorCommandStore.swift; sourceTree = "<group>"; };
		C652DEFDFA26A6660F9BC5AD /* LockZoneExpandedMapView.swift */ = {isa = PBXFileReference; lastKnownFileType = sourcecode.swift; path = LockZoneExpandedMapView.swift; sourceTree = "<group>"; };
		CBFDAB84413DA1108FC0D509 /* LockControlButton.swift */ = {isa = PBXFileReference; lastKnownFileType = sourcecode.swift; path = LockControlButton.swift; sourceTree = "<group>"; };
		CF7B201F99DC442C8B877742 /* DoorUnlocker.entitlements */ = {isa = PBXFileReference; lastKnownFileType = text.plist.entitlements; path = DoorUnlocker.entitlements; sourceTree = "<group>"; };
		D0D58FCD277DBEF647C0B3CB /* ControllerStatusPresentation.swift */ = {isa = PBXFileReference; lastKnownFileType = sourcecode.swift; path = ControllerStatusPresentation.swift; sourceTree = "<group>"; };
		DBB6997B63AE0BDFABE531E0 /* DoorStatusStore.swift */ = {isa = PBXFileReference; lastKnownFileType = sourcecode.swift; path = DoorStatusStore.swift; sourceTree = "<group>"; };
		DF474DFA262526D814C97783 /* DoorUnlockerControlWidget.swift */ = {isa = PBXFileReference; lastKnownFileType = sourcecode.swift; path = DoorUnlockerControlWidget.swift; sourceTree = "<group>"; };
		ED434DED3629940CF1D1E248 /* SettingsApplyViews.swift */ = {isa = PBXFileReference; lastKnownFileType = sourcecode.swift; path = SettingsApplyViews.swift; sourceTree = "<group>"; };
		F002643144F2E8233EAFA0A5 /* AutomationSettingsControls.swift */ = {isa = PBXFileReference; lastKnownFileType = sourcecode.swift; path = AutomationSettingsControls.swift; sourceTree = "<group>"; };
		F0AD78E001DBB50741B0539C /* LockZoneMapGeometry.swift */ = {isa = PBXFileReference; lastKnownFileType = sourcecode.swift; path = LockZoneMapGeometry.swift; sourceTree = "<group>"; };
		F822EC57202B5EA172B5EFB0 /* DoorCommandAuthenticator.swift */ = {isa = PBXFileReference; lastKnownFileType = sourcecode.swift; path = DoorCommandAuthenticator.swift; sourceTree = "<group>"; };
		F97EDB639E6172371E2D514F /* ControllerSettingsView.swift */ = {isa = PBXFileReference; lastKnownFileType = sourcecode.swift; path = ControllerSettingsView.swift; sourceTree = "<group>"; };
		FB3A55A105E8A1A5E4FC668D /* LockZoneSettingsCard.swift */ = {isa = PBXFileReference; lastKnownFileType = sourcecode.swift; path = LockZoneSettingsCard.swift; sourceTree = "<group>"; };
/* End PBXFileReference section */

/* Begin PBXFrameworksBuildPhase section */
		E79BC78A6F45CDEB24439520 /* Frameworks */ = {
			isa = PBXFrameworksBuildPhase;
			buildActionMask = 2147483647;
			files = (
				590DA6401085EBD6932E446C /* NordicDFU in Frameworks */,
				8398ABD339282124C29DF142 /* DoorUnlockerShared in Frameworks */,
			);
			runOnlyForDeploymentPostprocessing = 0;
		};
		ED2F1E005C0B910F38697C1F /* Frameworks */ = {
			isa = PBXFrameworksBuildPhase;
			buildActionMask = 2147483647;
			files = (
				F759BD17472944648BD51BF0 /* DoorUnlockerShared in Frameworks */,
			);
			runOnlyForDeploymentPostprocessing = 0;
		};
/* End PBXFrameworksBuildPhase section */

/* Begin PBXGroup section */
		0244803B9E9B80A1D13962A0 /* Settings */ = {
			isa = PBXGroup;
			children = (
				3CACBEE5D0678FD9A3D72D58 /* AppearanceThemeControl.swift */,
				F002643144F2E8233EAFA0A5 /* AutomationSettingsControls.swift */,
				F97EDB639E6172371E2D514F /* ControllerSettingsView.swift */,
				B413268BCB572637125E2547 /* FirmwareSettingsControl.swift */,
				032DD45DC2B25EFA788B5903 /* IdentitySettingsControls.swift */,
				1AE88DEBD1B8F8A1B2A92860 /* StartupTelemetryControl.swift */,
				55A9F48013EB4302EE6C7F00 /* UnlockSettingsControls.swift */,
			);
			path = Settings;
			sourceTree = "<group>";
		};
		3499C6A35FE6F62D3994206C /* Views */ = {
			isa = PBXGroup;
			children = (
				401F9D0867EA3AF95F9CBD74 /* Components */,
				D552286E70BAEC7A30E944B3 /* LockZone */,
				E195C9ED85CEF32BADB60876 /* Screen */,
				0244803B9E9B80A1D13962A0 /* Settings */,
			);
			path = Views;
			sourceTree = "<group>";
		};
		401F9D0867EA3AF95F9CBD74 /* Components */ = {
			isa = PBXGroup;
			children = (
				4AFD437A58B60D597D5F11EF /* ConnectedDevicesSummaryView.swift */,
				88CBE9DF9364B4FE90CA93E7 /* ConnectionStatusEffects.swift */,
				1172367EAEA6741DB58BE6D2 /* ControllerStateCard.swift */,
				D0D58FCD277DBEF647C0B3CB /* ControllerStatusPresentation.swift */,
				3ADDD5A8F47C733B2347DB90 /* ControllerStatusSummaryView.swift */,
				121EA95857F1CE7F2CF1D452 /* CountdownBadgeView.swift */,
				21772B0AFB847B9615A26E3B /* DoorHeaderView.swift */,
				3CDC3EC86CBF3CC7E8D9ADE7 /* FirmwareStatusViews.swift */,
				52E5374894736708CA0CB26E /* FirmwareUpdateSymbolView.swift */,
				CBFDAB84413DA1108FC0D509 /* LockControlButton.swift */,
				6D1784A256E5986ACB6AF9D7 /* PairingGuidanceView.swift */,
				ED434DED3629940CF1D1E248 /* SettingsApplyViews.swift */,
			);
			path = Components;
			sourceTree = "<group>";
		};
		690B67D2D4EDFCE7024B7458 /* Firmware */ = {
			isa = PBXGroup;
			children = (
				21724F52B008BA23E57EA102 /* DoorUnlockerXiao-dfu.zip */,
			);
			path = Firmware;
			sourceTree = "<group>";
		};
		6FA692A09831D6C924F79CFD /* Styling */ = {
			isa = PBXGroup;
			children = (
				51FB1C24F9C5AFB63AAC9A18 /* DoorAppTheme.swift */,
				59A04D6D709B5260AF81B00E /* ThemeSwatchButton.swift */,
			);
			path = Styling;
			sourceTree = "<group>";
		};
		7D35D1008D5BEEA25A211A02 /* DoorUnlockerWidget */ = {
			isa = PBXGroup;
			children = (
				DF474DFA262526D814C97783 /* DoorUnlockerControlWidget.swift */,
				6E72788ED870F36C1C958E19 /* DoorUnlockerFirmwareActivityViews.swift */,
				87D3E3944BACBFBDA0A74FF6 /* DoorUnlockerWidget.entitlements */,
				01BAFBDA99BDA7E082535494 /* DoorUnlockerWidget.swift */,
				5DC3578D81B2ABDCA0882633 /* Info.plist */,
			);
			path = DoorUnlockerWidget;
			sourceTree = "<group>";
		};
		89CB75A34E6AB450A833E44C /* Products */ = {
			isa = PBXGroup;
			children = (
				8BA7D014826C2CC3B54C0A35 /* DoorUnlocker.app */,
				0A1C429066F1F2E4A615BFA4 /* DoorUnlockerWidget.appex */,
			);
			name = Products;
			sourceTree = "<group>";
		};
		96FA6C778C556F2F84BA0C19 /* Packages */ = {
			isa = PBXGroup;
			children = (
				71F0C794D3579CA2F7845423 /* DoorUnlockerShared */,
			);
			name = Packages;
			sourceTree = "<group>";
		};
		C8F4EED447F58BB3A4D3DD4A = {
			isa = PBXGroup;
			children = (
				E369E258474051BDBE3C125C /* DoorUnlocker */,
				7D35D1008D5BEEA25A211A02 /* DoorUnlockerWidget */,
				96FA6C778C556F2F84BA0C19 /* Packages */,
				CCCD134E5A2C613EA62A7ABF /* Shared */,
				89CB75A34E6AB450A833E44C /* Products */,
			);
			sourceTree = "<group>";
		};
		CCCD134E5A2C613EA62A7ABF /* Shared */ = {
			isa = PBXGroup;
			children = (
				AD6F9EBB41A928D4DE3C0AB8 /* DoorControlIntents.swift */,
				93B56B2D57B4FE7DE59D7EDC /* DoorControllerStateParser.swift */,
				DBB6997B63AE0BDFABE531E0 /* DoorStatusStore.swift */,
				6D91C0FD61396E67578EE1C0 /* DoorWidgetCommandTokenStore.swift */,
			);
			path = Shared;
			sourceTree = "<group>";
		};
		D552286E70BAEC7A30E944B3 /* LockZone */ = {
			isa = PBXGroup;
			children = (
				7F85FF627BFC293F7124ED33 /* LockZoneExpandedMapComponents.swift */,
				C652DEFDFA26A6660F9BC5AD /* LockZoneExpandedMapView.swift */,
				F0AD78E001DBB50741B0539C /* LockZoneMapGeometry.swift */,
				FB3A55A105E8A1A5E4FC668D /* LockZoneSettingsCard.swift */,
			);
			path = LockZone;
			sourceTree = "<group>";
		};
		E195C9ED85CEF32BADB60876 /* Screen */ = {
			isa = PBXGroup;
			children = (
				3D6F3C17E0BCF6C3677B1E76 /* DoorUnlockerScreen.swift */,
			);
			path = Screen;
			sourceTree = "<group>";
		};
		E369E258474051BDBE3C125C /* DoorUnlocker */ = {
			isa = PBXGroup;
			children = (
				A1709BA0379F800D24C670A9 /* Assets.xcassets */,
				0AB287595DBCAA1A991BB44A /* ContentView.swift */,
				F822EC57202B5EA172B5EFB0 /* DoorCommandAuthenticator.swift */,
				C18937C3E54DF5410DC0842C /* DoorCommandStore.swift */,
				5EBC17BBBAC3FF018BE52DFF /* DoorFirmwareDfuManager.swift */,
				79C12E1E1C831811E06081AC /* DoorFirmwareLiveActivityCoordinator.swift */,
				CF7B201F99DC442C8B877742 /* DoorUnlocker.entitlements */,
				6006324EC0B293AD27A8443E /* DoorUnlockerApp.swift */,
				B422530FE77703E4CFD14BA2 /* DoorUnlockerController.swift */,
				809FD6A0354926F9B31DD061 /* DoorUnlockerController+FirmwareStatus.swift */,
				ACBBC110E9BD2425633B3279 /* DoorUnlockerController+PairingAdmin.swift */,
				2D67DE43D6D8F87D5161AC9D /* DoorUnlockerController+TransientErrors.swift */,
				626A7EBCA1C540D87179AF0B /* DoorUnlockerIntents.swift */,
				1FDCC1CBEB3E9CF0A706B5FB /* Info.plist */,
				690B67D2D4EDFCE7024B7458 /* Firmware */,
				6FA692A09831D6C924F79CFD /* Styling */,
				3499C6A35FE6F62D3994206C /* Views */,
			);
			path = DoorUnlocker;
			sourceTree = "<group>";
		};
/* End PBXGroup section */

/* Begin PBXNativeTarget section */
		D3E7D36CD3931F29BD15D98D /* DoorUnlocker */ = {
			isa = PBXNativeTarget;
			buildConfigurationList = E5FB345CA66B6E1F6B267EF3 /* Build configuration list for PBXNativeTarget "DoorUnlocker" */;
			buildPhases = (
				5BAC1CC91D78883B28014676 /* Sources */,
				96E6FBADC2C3956D2F4C1C7E /* Resources */,
				E79BC78A6F45CDEB24439520 /* Frameworks */,
				C5BEA806DAC54B293F3165D4 /* Embed Foundation Extensions */,
			);
			buildRules = (
			);
			dependencies = (
				BF33CB24866D7239226DC4B4 /* PBXTargetDependency */,
			);
			name = DoorUnlocker;
			packageProductDependencies = (
				49F5D4034AED48BE6DCA1CC1 /* NordicDFU */,
				E3A26E717F3C7CF563E63650 /* DoorUnlockerShared */,
			);
			productName = DoorUnlocker;
			productReference = 8BA7D014826C2CC3B54C0A35 /* DoorUnlocker.app */;
			productType = "com.apple.product-type.application";
		};
		F42BABACB2910DEDCC789512 /* DoorUnlockerWidget */ = {
			isa = PBXNativeTarget;
			buildConfigurationList = 967B3DB21685EB76D7EA658B /* Build configuration list for PBXNativeTarget "DoorUnlockerWidget" */;
			buildPhases = (
				AA36AE99812BACD904B1DAE6 /* Sources */,
				ED2F1E005C0B910F38697C1F /* Frameworks */,
			);
			buildRules = (
			);
			dependencies = (
			);
			name = DoorUnlockerWidget;
			packageProductDependencies = (
				BF681A43A6D4833EC439498C /* DoorUnlockerShared */,
			);
			productName = DoorUnlockerWidget;
			productReference = 0A1C429066F1F2E4A615BFA4 /* DoorUnlockerWidget.appex */;
			productType = "com.apple.product-type.app-extension";
		};
/* End PBXNativeTarget section */

/* Begin PBXProject section */
		535DF995015E4E39B4B094B3 /* Project object */ = {
			isa = PBXProject;
			attributes = {
				BuildIndependentTargetsInParallel = YES;
				LastUpgradeCheck = 1430;
				TargetAttributes = {
					D3E7D36CD3931F29BD15D98D = {
						DevelopmentTeam = "";
						ProvisioningStyle = Automatic;
					};
					F42BABACB2910DEDCC789512 = {
						DevelopmentTeam = "";
						ProvisioningStyle = Automatic;
					};
				};
			};
			buildConfigurationList = B88D509F6285040DD5791429 /* Build configuration list for PBXProject "DoorUnlocker" */;
			developmentRegion = en;
			hasScannedForEncodings = 0;
			knownRegions = (
				Base,
				en,
			);
			mainGroup = C8F4EED447F58BB3A4D3DD4A;
			minimizedProjectReferenceProxies = 1;
			packageReferences = (
				08FAC60659C68A8ECDC97E10 /* XCRemoteSwiftPackageReference "IOS-DFU-Library" */,
				0069E457DB696AD098F0B34A /* XCLocalSwiftPackageReference "../../shared/DoorUnlockerShared" */,
			);
			preferredProjectObjectVersion = 77;
			productRefGroup = 89CB75A34E6AB450A833E44C /* Products */;
			projectDirPath = "";
			projectRoot = "";
			targets = (
				D3E7D36CD3931F29BD15D98D /* DoorUnlocker */,
				F42BABACB2910DEDCC789512 /* DoorUnlockerWidget */,
			);
		};
/* End PBXProject section */

/* Begin PBXResourcesBuildPhase section */
		96E6FBADC2C3956D2F4C1C7E /* Resources */ = {
			isa = PBXResourcesBuildPhase;
			buildActionMask = 2147483647;
			files = (
				8E26F5A685A77038C6F72B43 /* Assets.xcassets in Resources */,
				C61F2365BCFF07598EB5947B /* DoorUnlockerXiao-dfu.zip in Resources */,
			);
			runOnlyForDeploymentPostprocessing = 0;
		};
/* End PBXResourcesBuildPhase section */

/* Begin PBXSourcesBuildPhase section */
		5BAC1CC91D78883B28014676 /* Sources */ = {
			isa = PBXSourcesBuildPhase;
			buildActionMask = 2147483647;
			files = (
				AD1084DAF37A23E41B58262C /* AppearanceThemeControl.swift in Sources */,
				364B2BBEEC75ADB3CB1E40A9 /* AutomationSettingsControls.swift in Sources */,
				C98E9455C963952579760E3D /* ConnectedDevicesSummaryView.swift in Sources */,
				86A14B265A2DE7A11425C7BC /* ConnectionStatusEffects.swift in Sources */,
				CD26DC925341526E3CEE5581 /* ContentView.swift in Sources */,
				122260FD7D77AC39B1409079 /* ControllerSettingsView.swift in Sources */,
				E60AD8F4315DD722085C2C95 /* ControllerStateCard.swift in Sources */,
				A21C31C431F73AAC771270E2 /* ControllerStatusPresentation.swift in Sources */,
				BCBD5632309A832D8285E364 /* ControllerStatusSummaryView.swift in Sources */,
				005003F7CC2A19A07D414831 /* CountdownBadgeView.swift in Sources */,
				13117BF47FDF80271E09D111 /* DoorAppTheme.swift in Sources */,
				1CE118D0124605B28CF5CDB3 /* DoorCommandAuthenticator.swift in Sources */,
				C7A1CB81F107BF62CF0AB7E2 /* DoorCommandStore.swift in Sources */,
				1E3F7B49C05E4D1C41F94B6D /* DoorControlIntents.swift in Sources */,
				6F6A5266AF45E98F61B0DAC0 /* DoorControllerStateParser.swift in Sources */,
				8C249C2F8C04E4D9695152AB /* DoorFirmwareDfuManager.swift in Sources */,
				D82DD5F9FF5F7087E3BE08CB /* DoorFirmwareLiveActivityCoordinator.swift in Sources */,
				8FF1C08FB70617D3D2B464E7 /* DoorHeaderView.swift in Sources */,
				287242EBEF3523FD61AF8C2D /* DoorStatusStore.swift in Sources */,
				4442C1C4FA7AD4B3AB0E9DC5 /* DoorUnlockerApp.swift in Sources */,
				E40C383826AABE96DFCED462 /* DoorUnlockerController+FirmwareStatus.swift in Sources */,
				5A536E2AE29C44B1505B8CF2 /* DoorUnlockerController+PairingAdmin.swift in Sources */,
				7EB673188D20443B3B318DE9 /* DoorUnlockerController+TransientErrors.swift in Sources */,
				40A5D2734BE7C6E3B996F58E /* DoorUnlockerController.swift in Sources */,
				BC5113FA941825A65D6170FD /* DoorUnlockerIntents.swift in Sources */,
				CE448194ED0CCC430C383D1B /* DoorUnlockerScreen.swift in Sources */,
				88E62CD904E8ACB4B754B518 /* DoorWidgetCommandTokenStore.swift in Sources */,
				C7263688435EA45B3D122FBD /* FirmwareSettingsControl.swift in Sources */,
				438094423A12A68B2E59977E /* FirmwareStatusViews.swift in Sources */,
				E33E1451EF430661170DF307 /* FirmwareUpdateSymbolView.swift in Sources */,
				3E696946BAFAFEBE7F9AB987 /* IdentitySettingsControls.swift in Sources */,
				D1FF2E6812D4E0FF63B76FEC /* LockControlButton.swift in Sources */,
				5ACCF4D7E095950697A87462 /* LockZoneExpandedMapComponents.swift in Sources */,
				94148F41D5F0EA229FE39F7A /* LockZoneExpandedMapView.swift in Sources */,
				3DD464E34A68B15B8AB89E99 /* LockZoneMapGeometry.swift in Sources */,
				ABDA98099E6B39035CF28EB7 /* LockZoneSettingsCard.swift in Sources */,
				49571D6C5D94C8C4793DDA14 /* PairingGuidanceView.swift in Sources */,
				9D91CD674885F0B825A28420 /* SettingsApplyViews.swift in Sources */,
				A430B133765DBACFCC1AF655 /* StartupTelemetryControl.swift in Sources */,
				071FEF162869FF4E4C09D223 /* ThemeSwatchButton.swift in Sources */,
				1264E31B3AE1A3968472E5E3 /* UnlockSettingsControls.swift in Sources */,
			);
			runOnlyForDeploymentPostprocessing = 0;
		};
		AA36AE99812BACD904B1DAE6 /* Sources */ = {
			isa = PBXSourcesBuildPhase;
			buildActionMask = 2147483647;
			files = (
				3B52C1DB67B84928489EEC2C /* DoorCommandStore.swift in Sources */,
				85D0681CE7AB73EA6791B509 /* DoorControlIntents.swift in Sources */,
				6037453E237CE1D1A42896CD /* DoorControllerStateParser.swift in Sources */,
				B672D6F72D9042D7BDBEFA47 /* DoorStatusStore.swift in Sources */,
				BBF07762E061113DC37A6E5F /* DoorUnlockerControlWidget.swift in Sources */,
				39F0C0663067807AB4E47BEA /* DoorUnlockerFirmwareActivityViews.swift in Sources */,
				8530F8EC9369127A2C814B63 /* DoorUnlockerWidget.swift in Sources */,
				10B20BD47753B48886EABF78 /* DoorWidgetCommandTokenStore.swift in Sources */,
			);
			runOnlyForDeploymentPostprocessing = 0;
		};
/* End PBXSourcesBuildPhase section */

/* Begin PBXTargetDependency section */
		BF33CB24866D7239226DC4B4 /* PBXTargetDependency */ = {
			isa = PBXTargetDependency;
			target = F42BABACB2910DEDCC789512 /* DoorUnlockerWidget */;
			targetProxy = 2051B45B2F40E8C7D22EF368 /* PBXContainerItemProxy */;
		};
/* End PBXTargetDependency section */

/* Begin XCBuildConfiguration section */
		590DBB1A012841DBA0C6FB1B /* Debug */ = {
			isa = XCBuildConfiguration;
			buildSettings = {
				ALWAYS_SEARCH_USER_PATHS = NO;
				CLANG_ANALYZER_NONNULL = YES;
				CLANG_ANALYZER_NUMBER_OBJECT_CONVERSION = YES_AGGRESSIVE;
				CLANG_CXX_LANGUAGE_STANDARD = "gnu++14";
				CLANG_CXX_LIBRARY = "libc++";
				CLANG_ENABLE_MODULES = YES;
				CLANG_ENABLE_OBJC_ARC = YES;
				CLANG_ENABLE_OBJC_WEAK = YES;
				CLANG_WARN_BLOCK_CAPTURE_AUTORELEASING = YES;
				CLANG_WARN_BOOL_CONVERSION = YES;
				CLANG_WARN_COMMA = YES;
				CLANG_WARN_CONSTANT_CONVERSION = YES;
				CLANG_WARN_DEPRECATED_OBJC_IMPLEMENTATIONS = YES;
				CLANG_WARN_DIRECT_OBJC_ISA_USAGE = YES_ERROR;
				CLANG_WARN_DOCUMENTATION_COMMENTS = YES;
				CLANG_WARN_EMPTY_BODY = YES;
				CLANG_WARN_ENUM_CONVERSION = YES;
				CLANG_WARN_INFINITE_RECURSION = YES;
				CLANG_WARN_INT_CONVERSION = YES;
				CLANG_WARN_NON_LITERAL_NULL_CONVERSION = YES;
				CLANG_WARN_OBJC_IMPLICIT_RETAIN_SELF = YES;
				CLANG_WARN_OBJC_LITERAL_CONVERSION = YES;
				CLANG_WARN_OBJC_ROOT_CLASS = YES_ERROR;
				CLANG_WARN_QUOTED_INCLUDE_IN_FRAMEWORK_HEADER = YES;
				CLANG_WARN_RANGE_LOOP_ANALYSIS = YES;
				CLANG_WARN_STRICT_PROTOTYPES = YES;
				CLANG_WARN_SUSPICIOUS_MOVE = YES;
				CLANG_WARN_UNGUARDED_AVAILABILITY = YES_AGGRESSIVE;
				CLANG_WARN_UNREACHABLE_CODE = YES;
				CLANG_WARN__DUPLICATE_METHOD_MATCH = YES;
				CODE_SIGN_STYLE = Automatic;
				COPY_PHASE_STRIP = NO;
				CURRENT_PROJECT_VERSION = 1;
				DEBUG_INFORMATION_FORMAT = dwarf;
				DEVELOPMENT_TEAM = "";
				ENABLE_STRICT_OBJC_MSGSEND = YES;
				ENABLE_TESTABILITY = YES;
				GCC_C_LANGUAGE_STANDARD = gnu11;
				GCC_DYNAMIC_NO_PIC = NO;
				GCC_NO_COMMON_BLOCKS = YES;
				GCC_OPTIMIZATION_LEVEL = 0;
				GCC_PREPROCESSOR_DEFINITIONS = (
					"$(inherited)",
					"DEBUG=1",
				);
				GCC_WARN_64_TO_32_BIT_CONVERSION = YES;
				GCC_WARN_ABOUT_RETURN_TYPE = YES_ERROR;
				GCC_WARN_UNDECLARED_SELECTOR = YES;
				GCC_WARN_UNINITIALIZED_AUTOS = YES_AGGRESSIVE;
				GCC_WARN_UNUSED_FUNCTION = YES;
				GCC_WARN_UNUSED_VARIABLE = YES;
				IPHONEOS_DEPLOYMENT_TARGET = 17.0;
				MARKETING_VERSION = 0.1.0;
				MTL_ENABLE_DEBUG_INFO = INCLUDE_SOURCE;
				MTL_FAST_MATH = YES;
				ONLY_ACTIVE_ARCH = YES;
				PRODUCT_NAME = "$(TARGET_NAME)";
				SDKROOT = iphoneos;
				SWIFT_ACTIVE_COMPILATION_CONDITIONS = DEBUG;
				SWIFT_OPTIMIZATION_LEVEL = "-Onone";
				SWIFT_VERSION = 5.0;
			};
			name = Debug;
		};
		5EAAB52A5D43D63B70C004E3 /* Release */ = {
			isa = XCBuildConfiguration;
			buildSettings = {
				ALWAYS_SEARCH_USER_PATHS = NO;
				CLANG_ANALYZER_NONNULL = YES;
				CLANG_ANALYZER_NUMBER_OBJECT_CONVERSION = YES_AGGRESSIVE;
				CLANG_CXX_LANGUAGE_STANDARD = "gnu++14";
				CLANG_CXX_LIBRARY = "libc++";
				CLANG_ENABLE_MODULES = YES;
				CLANG_ENABLE_OBJC_ARC = YES;
				CLANG_ENABLE_OBJC_WEAK = YES;
				CLANG_WARN_BLOCK_CAPTURE_AUTORELEASING = YES;
				CLANG_WARN_BOOL_CONVERSION = YES;
				CLANG_WARN_COMMA = YES;
				CLANG_WARN_CONSTANT_CONVERSION = YES;
				CLANG_WARN_DEPRECATED_OBJC_IMPLEMENTATIONS = YES;
				CLANG_WARN_DIRECT_OBJC_ISA_USAGE = YES_ERROR;
				CLANG_WARN_DOCUMENTATION_COMMENTS = YES;
				CLANG_WARN_EMPTY_BODY = YES;
				CLANG_WARN_ENUM_CONVERSION = YES;
				CLANG_WARN_INFINITE_RECURSION = YES;
				CLANG_WARN_INT_CONVERSION = YES;
				CLANG_WARN_NON_LITERAL_NULL_CONVERSION = YES;
				CLANG_WARN_OBJC_IMPLICIT_RETAIN_SELF = YES;
				CLANG_WARN_OBJC_LITERAL_CONVERSION = YES;
				CLANG_WARN_OBJC_ROOT_CLASS = YES_ERROR;
				CLANG_WARN_QUOTED_INCLUDE_IN_FRAMEWORK_HEADER = YES;
				CLANG_WARN_RANGE_LOOP_ANALYSIS = YES;
				CLANG_WARN_STRICT_PROTOTYPES = YES;
				CLANG_WARN_SUSPICIOUS_MOVE = YES;
				CLANG_WARN_UNGUARDED_AVAILABILITY = YES_AGGRESSIVE;
				CLANG_WARN_UNREACHABLE_CODE = YES;
				CLANG_WARN__DUPLICATE_METHOD_MATCH = YES;
				CODE_SIGN_STYLE = Automatic;
				COPY_PHASE_STRIP = NO;
				CURRENT_PROJECT_VERSION = 1;
				DEBUG_INFORMATION_FORMAT = "dwarf-with-dsym";
				DEVELOPMENT_TEAM = "";
				ENABLE_NS_ASSERTIONS = NO;
				ENABLE_STRICT_OBJC_MSGSEND = YES;
				GCC_C_LANGUAGE_STANDARD = gnu11;
				GCC_NO_COMMON_BLOCKS = YES;
				GCC_WARN_64_TO_32_BIT_CONVERSION = YES;
				GCC_WARN_ABOUT_RETURN_TYPE = YES_ERROR;
				GCC_WARN_UNDECLARED_SELECTOR = YES;
				GCC_WARN_UNINITIALIZED_AUTOS = YES_AGGRESSIVE;
				GCC_WARN_UNUSED_FUNCTION = YES;
				GCC_WARN_UNUSED_VARIABLE = YES;
				IPHONEOS_DEPLOYMENT_TARGET = 17.0;
				MARKETING_VERSION = 0.1.0;
				MTL_ENABLE_DEBUG_INFO = NO;
				MTL_FAST_MATH = YES;
				PRODUCT_NAME = "$(TARGET_NAME)";
				SDKROOT = iphoneos;
				SWIFT_COMPILATION_MODE = wholemodule;
				SWIFT_OPTIMIZATION_LEVEL = "-O";
				SWIFT_VERSION = 5.0;
			};
			name = Release;
		};
		868AD467759CEDDE527A562E /* Debug */ = {
			isa = XCBuildConfiguration;
			buildSettings = {
				APPLICATION_EXTENSION_API_ONLY = YES;
				CODE_SIGN_ENTITLEMENTS = DoorUnlockerWidget/DoorUnlockerWidget.entitlements;
				DEVELOPMENT_TEAM = "";
				INFOPLIST_FILE = DoorUnlockerWidget/Info.plist;
				LD_RUNPATH_SEARCH_PATHS = (
					"$(inherited)",
					"@executable_path/Frameworks",
					"@executable_path/../../Frameworks",
				);
				PRODUCT_BUNDLE_IDENTIFIER = io.github.bt1142msstate.DoorUnlocker.widget;
				SDKROOT = iphoneos;
				SKIP_INSTALL = YES;
				TARGETED_DEVICE_FAMILY = "1,2";
			};
			name = Debug;
		};
		B18892C0271890008A4ABA7B /* Release */ = {
			isa = XCBuildConfiguration;
			buildSettings = {
				ASSETCATALOG_COMPILER_APPICON_NAME = AppIcon;
				CODE_SIGN_ENTITLEMENTS = DoorUnlocker/DoorUnlocker.entitlements;
				CODE_SIGN_IDENTITY = "iPhone Developer";
				DEVELOPMENT_TEAM = "";
				INFOPLIST_FILE = DoorUnlocker/Info.plist;
				LD_RUNPATH_SEARCH_PATHS = (
					"$(inherited)",
					"@executable_path/Frameworks",
				);
				PRODUCT_BUNDLE_IDENTIFIER = io.github.bt1142msstate.DoorUnlocker;
				SDKROOT = iphoneos;
				TARGETED_DEVICE_FAMILY = "1,2";
			};
			name = Release;
		};
		BA256235FD288331EA198C9F /* Release */ = {
			isa = XCBuildConfiguration;
			buildSettings = {
				APPLICATION_EXTENSION_API_ONLY = YES;
				CODE_SIGN_ENTITLEMENTS = DoorUnlockerWidget/DoorUnlockerWidget.entitlements;
				DEVELOPMENT_TEAM = "";
				INFOPLIST_FILE = DoorUnlockerWidget/Info.plist;
				LD_RUNPATH_SEARCH_PATHS = (
					"$(inherited)",
					"@executable_path/Frameworks",
					"@executable_path/../../Frameworks",
				);
				PRODUCT_BUNDLE_IDENTIFIER = io.github.bt1142msstate.DoorUnlocker.widget;
				SDKROOT = iphoneos;
				SKIP_INSTALL = YES;
				TARGETED_DEVICE_FAMILY = "1,2";
			};
			name = Release;
		};
		FFFAA0EAA2A1E71F8AF7ABC8 /* Debug */ = {
			isa = XCBuildConfiguration;
			buildSettings = {
				ASSETCATALOG_COMPILER_APPICON_NAME = AppIcon;
				CODE_SIGN_ENTITLEMENTS = DoorUnlocker/DoorUnlocker.entitlements;
				CODE_SIGN_IDENTITY = "iPhone Developer";
				DEVELOPMENT_TEAM = "";
				INFOPLIST_FILE = DoorUnlocker/Info.plist;
				LD_RUNPATH_SEARCH_PATHS = (
					"$(inherited)",
					"@executable_path/Frameworks",
				);
				PRODUCT_BUNDLE_IDENTIFIER = io.github.bt1142msstate.DoorUnlocker;
				SDKROOT = iphoneos;
				TARGETED_DEVICE_FAMILY = "1,2";
			};
			name = Debug;
		};
/* End XCBuildConfiguration section */

/* Begin XCConfigurationList section */
		967B3DB21685EB76D7EA658B /* Build configuration list for PBXNativeTarget "DoorUnlockerWidget" */ = {
			isa = XCConfigurationList;
			buildConfigurations = (
				868AD467759CEDDE527A562E /* Debug */,
				BA256235FD288331EA198C9F /* Release */,
			);
			defaultConfigurationIsVisible = 0;
			defaultConfigurationName = Debug;
		};
		B88D509F6285040DD5791429 /* Build configuration list for PBXProject "DoorUnlocker" */ = {
			isa = XCConfigurationList;
			buildConfigurations = (
				590DBB1A012841DBA0C6FB1B /* Debug */,
				5EAAB52A5D43D63B70C004E3 /* Release */,
			);
			defaultConfigurationIsVisible = 0;
			defaultConfigurationName = Debug;
		};
		E5FB345CA66B6E1F6B267EF3 /* Build configuration list for PBXNativeTarget "DoorUnlocker" */ = {
			isa = XCConfigurationList;
			buildConfigurations = (
				FFFAA0EAA2A1E71F8AF7ABC8 /* Debug */,
				B18892C0271890008A4ABA7B /* Release */,
			);
			defaultConfigurationIsVisible = 0;
			defaultConfigurationName = Debug;
		};
/* End XCConfigurationList section */

/* Begin XCLocalSwiftPackageReference section */
		0069E457DB696AD098F0B34A /* XCLocalSwiftPackageReference "../../shared/DoorUnlockerShared" */ = {
			isa = XCLocalSwiftPackageReference;
			relativePath = ../../shared/DoorUnlockerShared;
		};
/* End XCLocalSwiftPackageReference section */

/* Begin XCRemoteSwiftPackageReference section */
		08FAC60659C68A8ECDC97E10 /* XCRemoteSwiftPackageReference "IOS-DFU-Library" */ = {
			isa = XCRemoteSwiftPackageReference;
			repositoryURL = "https://github.com/NordicSemiconductor/IOS-DFU-Library";
			requirement = {
				kind = upToNextMajorVersion;
				minimumVersion = 4.16.0;
			};
		};
/* End XCRemoteSwiftPackageReference section */

/* Begin XCSwiftPackageProductDependency section */
		49F5D4034AED48BE6DCA1CC1 /* NordicDFU */ = {
			isa = XCSwiftPackageProductDependency;
			package = 08FAC60659C68A8ECDC97E10 /* XCRemoteSwiftPackageReference "IOS-DFU-Library" */;
			productName = NordicDFU;
		};
		BF681A43A6D4833EC439498C /* DoorUnlockerShared */ = {
			isa = XCSwiftPackageProductDependency;
			productName = DoorUnlockerShared;
		};
		E3A26E717F3C7CF563E63650 /* DoorUnlockerShared */ = {
			isa = XCSwiftPackageProductDependency;
			productName = DoorUnlockerShared;
		};
/* End XCSwiftPackageProductDependency section */
	};
	rootObject = 535DF995015E4E39B4B094B3 /* Project object */;
}
